
Microsoft Visual Studio Solution File, Format Version 12.00
# Visual Studio Version 17
VisualStudioVersion = 17.0.31919.166
MinimumVisualStudioVersion = 10.0.40219.1
Project("{FAE04EC0-301F-11D3-BF4B-00C04F79EFBC}") = "sapere.View", "sapere\sapere.View.csproj", "{3BDCE87A-679C-4ADB-94F4-0F3DBE4C54C4}"
EndProject
Project("{FAE04EC0-301F-11D3-BF4B-00C04F79EFBC}") = "sapere.Controller", "sapere.Controller\sapere.Controller.csproj", "{5BFE94AC-107C-4C4D-B8F9-F777E00E67D0}"
EndProject
Project("{FAE04EC0-301F-11D3-BF4B-00C04F79EFBC}") = "sapere.Model", "sapere.Model\sapere.Model.csproj", "{2EAA6653-9C6F-4CC1-8E75-FC5AF95E085A}"
EndProject
Global
	GlobalSection(SolutionConfigurationPlatforms) = preSolution
		Debug|Any CPU = Debug|Any CPU
		Release|Any CPU = Release|Any CPU
	EndGlobalSection
	GlobalSection(ProjectConfigurationPlatforms) = postSolution
		{3BDCE87A-679C-4ADB-94F4-0F3DBE4C54C4}.Debug|Any CPU.ActiveCfg = Debug|Any CPU
		{3BDCE87A-679C-4ADB-94F4-0F3DBE4C54C4}.Debug|Any CPU.Build.0 = Debug|Any CPU
		{3BDCE87A-679C-4ADB-94F4-0F3DBE4C54C4}.Release|Any CPU.ActiveCfg = Release|Any CPU
		{3BDCE87A-679C-4ADB-94F4-0F3DBE4C54C4}.Release|Any CPU.Build.0 = Release|Any CPU
		{5BFE94AC-107C-4C4D-B8F9-F777E00E67D0}.Debug|Any CPU.ActiveCfg = Debug|Any CPU
		{5BFE94AC-107C-4C4D-B8F9-F777E00E67D0}.Debug|Any CPU.Build.0 = Debug|Any CPU
		{5BFE94AC-107C-4C4D-B8F9-F777E00E67D0}.Release|Any CPU.ActiveCfg = Release|Any CPU
		{5BFE94AC-107C-4C4D-B8F9-F777E00E67D0}.Release|Any CPU.Build.0 = Release|Any CPU
		{2EAA6653-9C6F-4CC1-8E75-FC5AF95E085A}.Debug|Any CPU.ActiveCfg = Debug|Any CPU
		{2EAA6653-9C6F-4CC1-8E75-FC5AF95E085A}.Debug|Any CPU.Build.0 = Debug|Any CPU
		{2EAA6653-9C6F-4CC1-8E75-FC5AF95E085A}.Release|Any CPU.ActiveCfg = Release|Any CPU
		{2EAA6653-9C6F-4CC1-8E75-FC5AF95E085A}.Release|Any CPU.Build.0 = Release|Any CPU
	EndGlobalSection
	GlobalSection(SolutionProperties) = preSolution
		HideSolutionNode = FALSE
	EndGlobalSection
	GlobalSection(ExtensibilityGlobals) = postSolution
		SolutionGuid = {FBFA3A2D-504A-446E-967A-E96C3E11A155}
	EndGlobalSection
EndGlobal
